
Microsoft Visual Studio Solution File, Format Version 12.00
# Visual Studio Version 16
VisualStudioVersion = 16.0.29102.190
MinimumVisualStudioVersion = 10.0.40219.1
Project("{9A19103F-16F7-4668-BE54-9A1E7A4F7556}") = "NvrClientDemo", "NvrClientDemo\NvrClientDemo.csproj", "{385518EF-70B5-4108-9988-88E495EF2FC7}"
EndProject
Project("{9A19103F-16F7-4668-BE54-9A1E7A4F7556}") = "NvrScheduleApi", "NvrScheduleAapi\NvrScheduleApi.csproj", "{AD8833E3-1405-41B3-9C1F-B7AC4EED4F95}"
EndProject
Project("{FAE04EC0-301F-11D3-BF4B-00C04F79EFBC}") = "NvrSchedule.Model", "NvrSchedule.Model\NvrSchedule.Model.csproj", "{2E9B6FAD-AE7C-432B-B7FF-ACA633549D65}"
EndProject
Global
	GlobalSection(SolutionConfigurationPlatforms) = preSolution
		Debug|Any CPU = Debug|Any CPU
		Release|Any CPU = Release|Any CPU
	EndGlobalSection
	GlobalSection(ProjectConfigurationPlatforms) = postSolution
		{385518EF-70B5-4108-9988-88E495EF2FC7}.Debug|Any CPU.ActiveCfg = Debug|Any CPU
		{385518EF-70B5-4108-9988-88E495EF2FC7}.Debug|Any CPU.Build.0 = Debug|Any CPU
		{385518EF-70B5-4108-9988-88E495EF2FC7}.Release|Any CPU.ActiveCfg = Release|Any CPU
		{385518EF-70B5-4108-9988-88E495EF2FC7}.Release|Any CPU.Build.0 = Release|Any CPU
		{AD8833E3-1405-41B3-9C1F-B7AC4EED4F95}.Debug|Any CPU.ActiveCfg = Debug|Any CPU
		{AD8833E3-1405-41B3-9C1F-B7AC4EED4F95}.Debug|Any CPU.Build.0 = Debug|Any CPU
		{AD8833E3-1405-41B3-9C1F-B7AC4EED4F95}.Release|Any CPU.ActiveCfg = Release|Any CPU
		{AD8833E3-1405-41B3-9C1F-B7AC4EED4F95}.Release|Any CPU.Build.0 = Release|Any CPU
		{2E9B6FAD-AE7C-432B-B7FF-ACA633549D65}.Debug|Any CPU.ActiveCfg = Debug|Any CPU
		{2E9B6FAD-AE7C-432B-B7FF-ACA633549D65}.Debug|Any CPU.Build.0 = Debug|Any CPU
		{2E9B6FAD-AE7C-432B-B7FF-ACA633549D65}.Release|Any CPU.ActiveCfg = Release|Any CPU
		{2E9B6FAD-AE7C-432B-B7FF-ACA633549D65}.Release|Any CPU.Build.0 = Release|Any CPU
	EndGlobalSection
	GlobalSection(SolutionProperties) = preSolution
		HideSolutionNode = FALSE
	EndGlobalSection
	GlobalSection(ExtensibilityGlobals) = postSolution
		SolutionGuid = {F1E9268F-B39B-4195-889E-CDC0E30C1928}
	EndGlobalSection
EndGlobal
